// !$*UTF8*$!
{
	archiveVersion = 1;
	classes = {
	};
	objectVersion = 50;
	objects = {

/* Begin PBXBuildFile section */
		3F384538246DDBE4006913C1 /* AppDelegate.swift in Sources */ = {isa = PBXBuildFile; fileRef = 3F384537246DDBE4006913C1 /* AppDelegate.swift */; };
		3F38453A246DDBE4006913C1 /* SceneDelegate.swift in Sources */ = {isa = PBXBuildFile; fileRef = 3F384539246DDBE4006913C1 /* SceneDelegate.swift */; };
		3F38453C246DDBE4006913C1 /* ViewController.swift in Sources */ = {isa = PBXBuildFile; fileRef = 3F38453B246DDBE4006913C1 /* ViewController.swift */; };
		3F38453F246DDBE4006913C1 /* Main.storyboard in Resources */ = {isa = PBXBuildFile; fileRef = 3F38453D246DDBE4006913C1 /* Main.storyboard */; };
		3F384541246DDBE6006913C1 /* Assets.xcassets in Resources */ = {isa = PBXBuildFile; fileRef = 3F384540246DDBE6006913C1 /* Assets.xcassets */; };
		3F384544246DDBE6006913C1 /* LaunchScreen.storyboard in Resources */ = {isa = PBXBuildFile; fileRef = 3F384542246DDBE6006913C1 /* LaunchScreen.storyboard */; };
		3F38454C246F49C4006913C1 /* MyMealsTableViewController.swift in Sources */ = {isa = PBXBuildFile; fileRef = 3F38454B246F49C4006913C1 /* MyMealsTableViewController.swift */; };
		3F38454E246F5858006913C1 /* MyMealsTableViewCell.swift in Sources */ = {isa = PBXBuildFile; fileRef = 3F38454D246F5858006913C1 /* MyMealsTableViewCell.swift */; };
		3F384550246F5B78006913C1 /* DetailViewController.swift in Sources */ = {isa = PBXBuildFile; fileRef = 3F38454F246F5B78006913C1 /* DetailViewController.swift */; };
		3FBB3168248169CD007CF4DD /* SliderViewController.swift in Sources */ = {isa = PBXBuildFile; fileRef = 3FBB3167248169CD007CF4DD /* SliderViewController.swift */; };
		3FBB316A2481720F007CF4DD /* ResultsViewController.swift in Sources */ = {isa = PBXBuildFile; fileRef = 3FBB31692481720F007CF4DD /* ResultsViewController.swift */; };
		3FBB316C2481729C007CF4DD /* slider2ViewController.swift in Sources */ = {isa = PBXBuildFile; fileRef = 3FBB316B2481729C007CF4DD /* slider2ViewController.swift */; };
		3FBB316E248172A6007CF4DD /* slider3ViewController.swift in Sources */ = {isa = PBXBuildFile; fileRef = 3FBB316D248172A6007CF4DD /* slider3ViewController.swift */; };
		3FBB317024817E5E007CF4DD /* resViewController.swift in Sources */ = {isa = PBXBuildFile; fileRef = 3FBB316F24817E5E007CF4DD /* resViewController.swift */; };
/* End PBXBuildFile section */

/* Begin PBXFileReference section */
		3F384534246DDBE4006913C1 /* Feed Me.app */ = {isa = PBXFileReference; explicitFileType = wrapper.application; includeInIndex = 0; path = "Feed Me.app"; sourceTree = BUILT_PRODUCTS_DIR; };
		3F384537246DDBE4006913C1 /* AppDelegate.swift */ = {isa = PBXFileReference; lastKnownFileType = sourcecode.swift; path = AppDelegate.swift; sourceTree = "<group>"; };
		3F384539246DDBE4006913C1 /* SceneDelegate.swift */ = {isa = PBXFileReference; lastKnownFileType = sourcecode.swift; path = SceneDelegate.swift; sourceTree = "<group>"; };
		3F38453B246DDBE4006913C1 /* ViewController.swift */ = {isa = PBXFileReference; lastKnownFileType = sourcecode.swift; path = ViewController.swift; sourceTree = "<group>"; };
		3F38453E246DDBE4006913C1 /* Base */ = {isa = PBXFileReference; lastKnownFileType = file.storyboard; name = Base; path = Base.lproj/Main.storyboard; sourceTree = "<group>"; };
		3F384540246DDBE6006913C1 /* Assets.xcassets */ = {isa = PBXFileReference; lastKnownFileType = folder.assetcatalog; path = Assets.xcassets; sourceTree = "<group>"; };
		3F384543246DDBE6006913C1 /* Base */ = {isa = PBXFileReference; lastKnownFileType = file.storyboard; name = Base; path = Base.lproj/LaunchScreen.storyboard; sourceTree = "<group>"; };
		3F384545246DDBE6006913C1 /* Info.plist */ = {isa = PBXFileReference; lastKnownFileType = text.plist.xml; path = Info.plist; sourceTree = "<group>"; };
		3F38454B246F49C4006913C1 /* MyMealsTableViewController.swift */ = {isa = PBXFileReference; lastKnownFileType = sourcecode.swift; path = MyMealsTableViewController.swift; sourceTree = "<group>"; };
		3F38454D246F5858006913C1 /* MyMealsTableViewCell.swift */ = {isa = PBXFileReference; lastKnownFileType = sourcecode.swift; path = MyMealsTableViewCell.swift; sourceTree = "<group>"; };
		3F38454F246F5B78006913C1 /* DetailViewController.swift */ = {isa = PBXFileReference; lastKnownFileType = sourcecode.swift; path = DetailViewController.swift; sourceTree = "<group>"; };
		3FBB3167248169CD007CF4DD /* SliderViewController.swift */ = {isa = PBXFileReference; lastKnownFileType = sourcecode.swift; path = SliderViewController.swift; sourceTree = "<group>"; };
		3FBB31692481720F007CF4DD /* ResultsViewController.swift */ = {isa = PBXFileReference; lastKnownFileType = sourcecode.swift; path = ResultsViewController.swift; sourceTree = "<group>"; };
		3FBB316B2481729C007CF4DD /* slider2ViewController.swift */ = {isa = PBXFileReference; lastKnownFileType = sourcecode.swift; path = slider2ViewController.swift; sourceTree = "<group>"; };
		3FBB316D248172A6007CF4DD /* slider3ViewController.swift */ = {isa = PBXFileReference; lastKnownFileType = sourcecode.swift; path = slider3ViewController.swift; sourceTree = "<group>"; };
		3FBB316F24817E5E007CF4DD /* resViewController.swift */ = {isa = PBXFileReference; lastKnownFileType = sourcecode.swift; path = resViewController.swift; sourceTree = "<group>"; };
/* End PBXFileReference section */

/* Begin PBXFrameworksBuildPhase section */
		3F384531246DDBE4006913C1 /* Frameworks */ = {
			isa = PBXFrameworksBuildPhase;
			buildActionMask = 2147483647;
			files = (
			);
			runOnlyForDeploymentPostprocessing = 0;
		};
/* End PBXFrameworksBuildPhase section */

/* Begin PBXGroup section */
		3F38452B246DDBE4006913C1 = {
			isa = PBXGroup;
			children = (
				3F384536246DDBE4006913C1 /* Feed Me */,
				3F384535246DDBE4006913C1 /* Products */,
			);
			sourceTree = "<group>";
		};
		3F384535246DDBE4006913C1 /* Products */ = {
			isa = PBXGroup;
			children = (
				3F384534246DDBE4006913C1 /* Feed Me.app */,
			);
			name = Products;
			sourceTree = "<group>";
		};
		3F384536246DDBE4006913C1 /* Feed Me */ = {
			isa = PBXGroup;
			children = (
				3F384537246DDBE4006913C1 /* AppDelegate.swift */,
				3F384539246DDBE4006913C1 /* SceneDelegate.swift */,
				3F38453B246DDBE4006913C1 /* ViewController.swift */,
				3F38453D246DDBE4006913C1 /* Main.storyboard */,
				3FBB3167248169CD007CF4DD /* SliderViewController.swift */,
				3FBB31692481720F007CF4DD /* ResultsViewController.swift */,
				3FBB316B2481729C007CF4DD /* slider2ViewController.swift */,
				3FBB316F24817E5E007CF4DD /* resViewController.swift */,
				3FBB316D248172A6007CF4DD /* slider3ViewController.swift */,
				3F38454B246F49C4006913C1 /* MyMealsTableViewController.swift */,
				3F38454F246F5B78006913C1 /* DetailViewController.swift */,
				3F38454D246F5858006913C1 /* MyMealsTableViewCell.swift */,
				3F384540246DDBE6006913C1 /* Assets.xcassets */,
				3F384542246DDBE6006913C1 /* LaunchScreen.storyboard */,
				3F384545246DDBE6006913C1 /* Info.plist */,
			);
			path = "Feed Me";
			sourceTree = "<group>";
		};
/* End PBXGroup section */

/* Begin PBXNativeTarget section */
		3F384533246DDBE4006913C1 /* Feed Me */ = {
			isa = PBXNativeTarget;
			buildConfigurationList = 3F384548246DDBE6006913C1 /* Build configuration list for PBXNativeTarget "Feed Me" */;
			buildPhases = (
				3F384530246DDBE4006913C1 /* Sources */,
				3F384531246DDBE4006913C1 /* Frameworks */,
				3F384532246DDBE4006913C1 /* Resources */,
			);
			buildRules = (
			);
			dependencies = (
			);
			name = "Feed Me";
			productName = "Feed Me";
			productReference = 3F384534246DDBE4006913C1 /* Feed Me.app */;
			productType = "com.apple.product-type.application";
		};
/* End PBXNativeTarget section */

/* Begin PBXProject section */
		3F38452C246DDBE4006913C1 /* Project object */ = {
			isa = PBXProject;
			attributes = {
				LastSwiftUpdateCheck = 1130;
				LastUpgradeCheck = 1130;
				ORGANIZATIONNAME = CSC509;
				TargetAttributes = {
					3F384533246DDBE4006913C1 = {
						CreatedOnToolsVersion = 11.3.1;
					};
				};
			};
			buildConfigurationList = 3F38452F246DDBE4006913C1 /* Build configuration list for PBXProject "Feed Me" */;
			compatibilityVersion = "Xcode 9.3";
			developmentRegion = en;
			hasScannedForEncodings = 0;
			knownRegions = (
				en,
				Base,
			);
			mainGroup = 3F38452B246DDBE4006913C1;
			productRefGroup = 3F384535246DDBE4006913C1 /* Products */;
			projectDirPath = "";
			projectRoot = "";
			targets = (
				3F384533246DDBE4006913C1 /* Feed Me */,
			);
		};
/* End PBXProject section */

/* Begin PBXResourcesBuildPhase section */
		3F384532246DDBE4006913C1 /* Resources */ = {
			isa = PBXResourcesBuildPhase;
			buildActionMask = 2147483647;
			files = (
				3F384544246DDBE6006913C1 /* LaunchScreen.storyboard in Resources */,
				3F384541246DDBE6006913C1 /* Assets.xcassets in Resources */,
				3F38453F246DDBE4006913C1 /* Main.storyboard in Resources */,
			);
			runOnlyForDeploymentPostprocessing = 0;
		};
/* End PBXResourcesBuildPhase section */

/* Begin PBXSourcesBuildPhase section */
		3F384530246DDBE4006913C1 /* Sources */ = {
			isa = PBXSourcesBuildPhase;
			buildActionMask = 2147483647;
			files = (
				3F38454C246F49C4006913C1 /* MyMealsTableViewController.swift in Sources */,
				3FBB3168248169CD007CF4DD /* SliderViewController.swift in Sources */,
				3FBB316C2481729C007CF4DD /* slider2ViewController.swift in Sources */,
				3F38453C246DDBE4006913C1 /* ViewController.swift in Sources */,
				3F38454E246F5858006913C1 /* MyMealsTableViewCell.swift in Sources */,
				3F384550246F5B78006913C1 /* DetailViewController.swift in Sources */,
				3F384538246DDBE4006913C1 /* AppDelegate.swift in Sources */,
				3F38453A246DDBE4006913C1 /* SceneDelegate.swift in Sources */,
				3FBB317024817E5E007CF4DD /* resViewController.swift in Sources */,
				3FBB316A2481720F007CF4DD /* ResultsViewController.swift in Sources */,
				3FBB316E248172A6007CF4DD /* slider3ViewController.swift in Sources */,
			);
			runOnlyForDeploymentPostprocessing = 0;
		};
/* End PBXSourcesBuildPhase section */

/* Begin PBXVariantGroup section */
		3F38453D246DDBE4006913C1 /* Main.storyboard */ = {
			isa = PBXVariantGroup;
			children = (
				3F38453E246DDBE4006913C1 /* Base */,
			);
			name = Main.storyboard;
			sourceTree = "<group>";
		};
		3F384542246DDBE6006913C1 /* LaunchScreen.storyboard */ = {
			isa = PBXVariantGroup;
			children = (
				3F384543246DDBE6006913C1 /* Base */,
			);
			name = LaunchScreen.storyboard;
			sourceTree = "<group>";
		};
/* End PBXVariantGroup section */

/* Begin XCBuildConfiguration section */
		3F384546246DDBE6006913C1 /* Debug */ = {
			isa = XCBuildConfiguration;
			buildSettings = {
				ALWAYS_SEARCH_USER_PATHS = NO;
				CLANG_ANALYZER_NONNULL = YES;
				CLANG_ANALYZER_NUMBER_OBJECT_CONVERSION = YES_AGGRESSIVE;
				CLANG_CXX_LANGUAGE_STANDARD = "gnu++14";
				CLANG_CXX_LIBRARY = "libc++";
				CLANG_ENABLE_MODULES = YES;
				CLANG_ENABLE_OBJC_ARC = YES;
				CLANG_ENABLE_OBJC_WEAK = YES;
				CLANG_WARN_BLOCK_CAPTURE_AUTORELEASING = YES;
				CLANG_WARN_BOOL_CONVERSION = YES;
				CLANG_WARN_COMMA = YES;
				CLANG_WARN_CONSTANT_CONVERSION = YES;
				CLANG_WARN_DEPRECATED_OBJC_IMPLEMENTATIONS = YES;
				CLANG_WARN_DIRECT_OBJC_ISA_USAGE = YES_ERROR;
				CLANG_WARN_DOCUMENTATION_COMMENTS = YES;
				CLANG_WARN_EMPTY_BODY = YES;
				CLANG_WARN_ENUM_CONVERSION = YES;
				CLANG_WARN_INFINITE_RECURSION = YES;
				CLANG_WARN_INT_CONVERSION = YES;
				CLANG_WARN_NON_LITERAL_NULL_CONVERSION = YES;
				CLANG_WARN_OBJC_IMPLICIT_RETAIN_SELF = YES;
				CLANG_WARN_OBJC_LITERAL_CONVERSION = YES;
				CLANG_WARN_OBJC_ROOT_CLASS = YES_ERROR;
				CLANG_WARN_RANGE_LOOP_ANALYSIS = YES;
				CLANG_WARN_STRICT_PROTOTYPES = YES;
				CLANG_WARN_SUSPICIOUS_MOVE = YES;
				CLANG_WARN_UNGUARDED_AVAILABILITY = YES_AGGRESSIVE;
				CLANG_WARN_UNREACHABLE_CODE = YES;
				CLANG_WARN__DUPLICATE_METHOD_MATCH = YES;
				COPY_PHASE_STRIP = NO;
				DEBUG_INFORMATION_FORMAT = dwarf;
				ENABLE_STRICT_OBJC_MSGSEND = YES;
				ENABLE_TESTABILITY = YES;
				GCC_C_LANGUAGE_STANDARD = gnu11;
				GCC_DYNAMIC_NO_PIC = NO;
				GCC_NO_COMMON_BLOCKS = YES;
				GCC_OPTIMIZATION_LEVEL = 0;
				GCC_PREPROCESSOR_DEFINITIONS = (
					"DEBUG=1",
					"$(inherited)",
				);
				GCC_WARN_64_TO_32_BIT_CONVERSION = YES;
				GCC_WARN_ABOUT_RETURN_TYPE = YES_ERROR;
				GCC_WARN_UNDECLARED_SELECTOR = YES;
				GCC_WARN_UNINITIALIZED_AUTOS = YES_AGGRESSIVE;
				GCC_WARN_UNUSED_FUNCTION = YES;
				GCC_WARN_UNUSED_VARIABLE = YES;
				IPHONEOS_DEPLOYMENT_TARGET = 13.2;
				MTL_ENABLE_DEBUG_INFO = INCLUDE_SOURCE;
				MTL_FAST_MATH = YES;
				ONLY_ACTIVE_ARCH = YES;
				SDKROOT = iphoneos;
				SWIFT_ACTIVE_COMPILATION_CONDITIONS = DEBUG;
				SWIFT_OPTIMIZATION_LEVEL = "-Onone";
			};
			name = Debug;
		};
		3F384547246DDBE6006913C1 /* Release */ = {
			isa = XCBuildConfiguration;
			buildSettings = {
				ALWAYS_SEARCH_USER_PATHS = NO;
				CLANG_ANALYZER_NONNULL = YES;
				CLANG_ANALYZER_NUMBER_OBJECT_CONVERSION = YES_AGGRESSIVE;
				CLANG_CXX_LANGUAGE_STANDARD = "gnu++14";
				CLANG_CXX_LIBRARY = "libc++";
				CLANG_ENABLE_MODULES = YES;
				CLANG_ENABLE_OBJC_ARC = YES;
				CLANG_ENABLE_OBJC_WEAK = YES;
				CLANG_WARN_BLOCK_CAPTURE_AUTORELEASING = YES;
				CLANG_WARN_BOOL_CONVERSION = YES;
				CLANG_WARN_COMMA = YES;
				CLANG_WARN_CONSTANT_CONVERSION = YES;
				CLANG_WARN_DEPRECATED_OBJC_IMPLEMENTATIONS = YES;
				CLANG_WARN_DIRECT_OBJC_ISA_USAGE = YES_ERROR;
				CLANG_WARN_DOCUMENTATION_COMMENTS = YES;
				CLANG_WARN_EMPTY_BODY = YES;
				CLANG_WARN_ENUM_CONVERSION = YES;
				CLANG_WARN_INFINITE_RECURSION = YES;
				CLANG_WARN_INT_CONVERSION = YES;
				CLANG_WARN_NON_LITERAL_NULL_CONVERSION = YES;
				CLANG_WARN_OBJC_IMPLICIT_RETAIN_SELF = YES;
				CLANG_WARN_OBJC_LITERAL_CONVERSION = YES;
				CLANG_WARN_OBJC_ROOT_CLASS = YES_ERROR;
				CLANG_WARN_RANGE_LOOP_ANALYSIS = YES;
				CLANG_WARN_STRICT_PROTOTYPES = YES;
				CLANG_WARN_SUSPICIOUS_MOVE = YES;
				CLANG_WARN_UNGUARDED_AVAILABILITY = YES_AGGRESSIVE;
				CLANG_WARN_UNREACHABLE_CODE = YES;
				CLANG_WARN__DUPLICATE_METHOD_MATCH = YES;
				COPY_PHASE_STRIP = NO;
				DEBUG_INFORMATION_FORMAT = "dwarf-with-dsym";
				ENABLE_NS_ASSERTIONS = NO;
				ENABLE_STRICT_OBJC_MSGSEND = YES;
				GCC_C_LANGUAGE_STANDARD = gnu11;
				GCC_NO_COMMON_BLOCKS = YES;
				GCC_WARN_64_TO_32_BIT_CONVERSION = YES;
				GCC_WARN_ABOUT_RETURN_TYPE = YES_ERROR;
				GCC_WARN_UNDECLARED_SELECTOR = YES;
				GCC_WARN_UNINITIALIZED_AUTOS = YES_AGGRESSIVE;
				GCC_WARN_UNUSED_FUNCTION = YES;
				GCC_WARN_UNUSED_VARIABLE = YES;
				IPHONEOS_DEPLOYMENT_TARGET = 13.2;
				MTL_ENABLE_DEBUG_INFO = NO;
				MTL_FAST_MATH = YES;
				SDKROOT = iphoneos;
				SWIFT_COMPILATION_MODE = wholemodule;
				SWIFT_OPTIMIZATION_LEVEL = "-O";
				VALIDATE_PRODUCT = YES;
			};
			name = Release;
		};
		3F384549246DDBE6006913C1 /* Debug */ = {
			isa = XCBuildConfiguration;
			buildSettings = {
				ASSETCATALOG_COMPILER_APPICON_NAME = AppIcon;
				CODE_SIGN_STYLE = Automatic;
				DEVELOPMENT_TEAM = QJF39YMX87;
				INFOPLIST_FILE = "Feed Me/Info.plist";
				LD_RUNPATH_SEARCH_PATHS = (
					"$(inherited)",
					"@executable_path/Frameworks",
				);
				PRODUCT_BUNDLE_IDENTIFIER = "CSC509.Feed-Me";
				PRODUCT_NAME = "$(TARGET_NAME)";
				SWIFT_VERSION = 5.0;
				TARGETED_DEVICE_FAMILY = "1,2";
			};
			name = Debug;
		};
		3F38454A246DDBE6006913C1 /* Release */ = {
			isa = XCBuildConfiguration;
			buildSettings = {
				ASSETCATALOG_COMPILER_APPICON_NAME = AppIcon;
				CODE_SIGN_STYLE = Automatic;
				DEVELOPMENT_TEAM = QJF39YMX87;
				INFOPLIST_FILE = "Feed Me/Info.plist";
				LD_RUNPATH_SEARCH_PATHS = (
					"$(inherited)",
					"@executable_path/Frameworks",
				);
				PRODUCT_BUNDLE_IDENTIFIER = "CSC509.Feed-Me";
				PRODUCT_NAME = "$(TARGET_NAME)";
				SWIFT_VERSION = 5.0;
				TARGETED_DEVICE_FAMILY = "1,2";
			};
			name = Release;
		};
/* End XCBuildConfiguration section */

/* Begin XCConfigurationList section */
		3F38452F246DDBE4006913C1 /* Build configuration list for PBXProject "Feed Me" */ = {
			isa = XCConfigurationList;
			buildConfigurations = (
				3F384546246DDBE6006913C1 /* Debug */,
				3F384547246DDBE6006913C1 /* Release */,
			);
			defaultConfigurationIsVisible = 0;
			defaultConfigurationName = Release;
		};
		3F384548246DDBE6006913C1 /* Build configuration list for PBXNativeTarget "Feed Me" */ = {
			isa = XCConfigurationList;
			buildConfigurations = (
				3F384549246DDBE6006913C1 /* Debug */,
				3F38454A246DDBE6006913C1 /* Release */,
			);
			defaultConfigurationIsVisible = 0;
			defaultConfigurationName = Release;
		};
/* End XCConfigurationList section */
	};
	rootObject = 3F38452C246DDBE4006913C1 /* Project object */;
}
